# THIS IS AN AUTOGENERATED FILE. DO NOT EDIT THIS FILE DIRECTLY.
# yarn lockfile v1


animejs@^3.0.0:
  version "3.0.0"
  resolved "https://registry.yarnpkg.com/animejs/-/animejs-3.0.0.tgz#6b0fb87fbd0b13128b35fe8e790b1671ae7b825d"
  integrity sha512-YL2+GpjoDYM7hqKpJoh+vhXYNiE0klkgUlDl3m+wCuXh9QJF++/KIT2SQYkBkVhxk/GLlFsqI5I/ogWN4pBQSA==

ansi-regex@^2.0.0:
  version "2.1.1"
  resolved "https://registry.yarnpkg.com/ansi-regex/-/ansi-regex-2.1.1.tgz#c3b33ab5ee360d86e0e628f0468ae7ef27d654df"
  integrity sha1-w7M6te42DYbg5ijwRorn7yfWVN8=

ansi-styles@^2.2.1:
  version "2.2.1"
  resolved "https://registry.yarnpkg.com/ansi-styles/-/ansi-styles-2.2.1.tgz#b432dd3358b634cf75e1e4664368240533c1ddbe"
  integrity sha1-tDLdM1i2NM914eRmQ2gkBTPB3b4=

ansi-styles@^3.2.1:
  version "3.2.1"
  resolved "https://registry.yarnpkg.com/ansi-styles/-/ansi-styles-3.2.1.tgz#41fbb20243e50b12be0f04b8dedbf07520ce841d"
  integrity sha512-VT0ZI6kZRdTh8YyJw3SMbYm/u+NqfsAxEpWO0Pf9sq8/e94WxxOpPKx9FR1FlyCtOVDNOQ+8ntlqFxiRc+r5qA==
  dependencies:
    color-convert "^1.9.0"

balanced-match@0.1.0:
  version "0.1.0"
  resolved "https://registry.yarnpkg.com/balanced-match/-/balanced-match-0.1.0.tgz#b504bd05869b39259dd0c5efc35d843176dccc4a"
  integrity sha1-tQS9BYabOSWd0MXvw12EMXbczEo=

big.js@^3.1.3:
  version "3.2.0"
  resolved "https://registry.yarnpkg.com/big.js/-/big.js-3.2.0.tgz#a5fc298b81b9e0dca2e458824784b65c52ba588e"
  integrity sha512-+hN/Zh2D08Mx65pZ/4g5bsmNiZUuChDiQfTUQ7qJr4/kuopCr88xZsAXv6mBoZEsUI4OuGHlX59qE94K2mMW8Q==

chalk@^1.1.3:
  version "1.1.3"
  resolved "https://registry.yarnpkg.com/chalk/-/chalk-1.1.3.tgz#a8115c55e4a702fe4d150abd3872822a7e09fc98"
  integrity sha1-qBFcVeSnAv5NFQq9OHKCKn4J/Jg=
  dependencies:
    ansi-styles "^2.2.1"
    escape-string-regexp "^1.0.2"
    has-ansi "^2.0.0"
    strip-ansi "^3.0.0"
    supports-color "^2.0.0"

chalk@^2.4.1, chalk@^2.4.2:
  version "2.4.2"
  resolved "https://registry.yarnpkg.com/chalk/-/chalk-2.4.2.tgz#cd42541677a54333cf541a49108c1432b44c9424"
  integrity sha512-Mti+f9lpJNcwF4tWV8/OrTTtF1gZi+f8FqlyAdouralcFWFQWF2+NgCHShjkCb+IFBLq9buZwE1xckQU4peSuQ==
  dependencies:
    ansi-styles "^3.2.1"
    escape-string-regexp "^1.0.5"
    supports-color "^5.3.0"

clone@^1.0.2:
  version "1.0.4"
  resolved "https://registry.yarnpkg.com/clone/-/clone-1.0.4.tgz#da309cc263df15994c688ca902179ca3c7cd7c7e"
  integrity sha1-2jCcwmPfFZlMaIypAheco8fNfH4=

color-convert@^1.3.0, color-convert@^1.9.0:
  version "1.9.3"
  resolved "https://registry.yarnpkg.com/color-convert/-/color-convert-1.9.3.tgz#bb71850690e1f136567de629d2d5471deda4c1e8"
  integrity sha512-QfAUtd+vFdAtFQcC8CCyYt1fYWxSqAiK2cSD6zDB8N3cpsEBAvRxp9zOGg6G/SHHJYAT88/az/IuDGALsNVbGg==
  dependencies:
    color-name "1.1.3"

color-name@1.1.3:
  version "1.1.3"
  resolved "https://registry.yarnpkg.com/color-name/-/color-name-1.1.3.tgz#a7d0558bd89c42f795dd42328f740831ca53bc25"
  integrity sha1-p9BVi9icQveV3UIyj3QIMcpTvCU=

color-name@^1.0.0:
  version "1.1.4"
  resolved "https://registry.yarnpkg.com/color-name/-/color-name-1.1.4.tgz#c2a09a87acbde69543de6f63fa3995c826c536a2"
  integrity sha512-dOy+3AuW3a2wNbZHIuMZpTcgjGuLU/uBL/ubcZF9OXbDo8ff4O8yVp5Bf0efS8uEoYo5q4Fx7dY9OgQGXgAsQA==

color-string@^0.3.0:
  version "0.3.0"
  resolved "https://registry.yarnpkg.com/color-string/-/color-string-0.3.0.tgz#27d46fb67025c5c2fa25993bfbf579e47841b991"
  integrity sha1-J9RvtnAlxcL6JZk7+/V55HhBuZE=
  dependencies:
    color-name "^1.0.0"

color@^0.11.0:
  version "0.11.4"
  resolved "https://registry.yarnpkg.com/color/-/color-0.11.4.tgz#6d7b5c74fb65e841cd48792ad1ed5e07b904d764"
  integrity sha1-bXtcdPtl6EHNSHkq0e1eB7kE12Q=
  dependencies:
    clone "^1.0.2"
    color-convert "^1.3.0"
    color-string "^0.3.0"

css-color-function@~1.3.3:
  version "1.3.3"
  resolved "https://registry.yarnpkg.com/css-color-function/-/css-color-function-1.3.3.tgz#8ed24c2c0205073339fafa004bc8c141fccb282e"
  integrity sha1-jtJMLAIFBzM5+voAS8jBQfzLKC4=
  dependencies:
    balanced-match "0.1.0"
    color "^0.11.0"
    debug "^3.1.0"
    rgb "~0.1.0"

css-modules-loader-core@^1.1.0:
  version "1.1.0"
  resolved "https://registry.yarnpkg.com/css-modules-loader-core/-/css-modules-loader-core-1.1.0.tgz#5908668294a1becd261ae0a4ce21b0b551f21d16"
  integrity sha1-WQhmgpShvs0mGuCkziGwtVHyHRY=
  dependencies:
    icss-replace-symbols "1.1.0"
    postcss "6.0.1"
    postcss-modules-extract-imports "1.1.0"
    postcss-modules-local-by-default "1.2.0"
    postcss-modules-scope "1.1.0"
    postcss-modules-values "1.3.0"

css-selector-tokenizer@^0.7.0:
  version "0.7.1"
  resolved "https://registry.yarnpkg.com/css-selector-tokenizer/-/css-selector-tokenizer-0.7.1.tgz#a177271a8bca5019172f4f891fc6eed9cbf68d5d"
  integrity sha512-xYL0AMZJ4gFzJQsHUKa5jiWWi2vH77WVNg7JYRyewwj6oPh4yb/y6Y9ZCw9dsj/9UauMhtuxR+ogQd//EdEVNA==
  dependencies:
    cssesc "^0.1.0"
    fastparse "^1.1.1"
    regexpu-core "^1.0.0"

cssesc@^0.1.0:
  version "0.1.0"
  resolved "https://registry.yarnpkg.com/cssesc/-/cssesc-0.1.0.tgz#c814903e45623371a0477b40109aaafbeeaddbb4"
  integrity sha1-yBSQPkViM3GgR3tAEJqq++6t27Q=

debug@^3.1.0:
  version "3.2.6"
  resolved "https://registry.yarnpkg.com/debug/-/debug-3.2.6.tgz#e83d17de16d8a7efb7717edbe5fb10135eee629b"
  integrity sha512-mel+jf7nrtEl5Pn1Qx46zARXKDpBbvzezse7p7LqINmdoIk8PYP5SySaxEmYv6TZ0JyEKA1hsCId6DIhgITtWQ==
  dependencies:
    ms "^2.1.1"

emojis-list@^2.0.0:
  version "2.1.0"
  resolved "https://registry.yarnpkg.com/emojis-list/-/emojis-list-2.1.0.tgz#4daa4d9db00f9819880c79fa457ae5b09a1fd389"
  integrity sha1-TapNnbAPmBmIDHn6RXrlsJof04k=

escape-string-regexp@^1.0.2, escape-string-regexp@^1.0.5:
  version "1.0.5"
  resolved "https://registry.yarnpkg.com/escape-string-regexp/-/escape-string-regexp-1.0.5.tgz#1b61c0562190a8dff6ae3bb2cf0200ca130b86d4"
  integrity sha1-G2HAViGQqN/2rjuyzwIAyhMLhtQ=

fastparse@^1.1.1:
  version "1.1.2"
  resolved "https://registry.yarnpkg.com/fastparse/-/fastparse-1.1.2.tgz#91728c5a5942eced8531283c79441ee4122c35a9"
  integrity sha512-483XLLxTVIwWK3QTrMGRqUfUpoOs/0hbQrl2oz4J0pAcm3A3bu84wxTFqGqkJzewCLdME38xJLJAxBABfQT8sQ==

flatten@^1.0.2:
  version "1.0.2"
  resolved "https://registry.yarnpkg.com/flatten/-/flatten-1.0.2.tgz#dae46a9d78fbe25292258cc1e780a41d95c03782"
  integrity sha1-2uRqnXj74lKSJYzB54CkHZXAN4I=

generic-names@^1.0.3:
  version "1.0.3"
  resolved "https://registry.yarnpkg.com/generic-names/-/generic-names-1.0.3.tgz#2d786a121aee508876796939e8e3bff836c20917"
  integrity sha1-LXhqEhruUIh2eWk56OO/+DbCCRc=
  dependencies:
    loader-utils "^0.2.16"

has-ansi@^2.0.0:
  version "2.0.0"
  resolved "https://registry.yarnpkg.com/has-ansi/-/has-ansi-2.0.0.tgz#34f5049ce1ecdf2b0649af3ef24e45ed35416d91"
  integrity sha1-NPUEnOHs3ysGSa8+8k5F7TVBbZE=
  dependencies:
    ansi-regex "^2.0.0"

has-flag@^1.0.0:
  version "1.0.0"
  resolved "https://registry.yarnpkg.com/has-flag/-/has-flag-1.0.0.tgz#9d9e793165ce017a00f00418c43f942a7b1d11fa"
  integrity sha1-nZ55MWXOAXoA8AQYxD+UKnsdEfo=

has-flag@^3.0.0:
  version "3.0.0"
  resolved "https://registry.yarnpkg.com/has-flag/-/has-flag-3.0.0.tgz#b5d454dc2199ae225699f3467e5a07f3b955bafd"
  integrity sha1-tdRU3CGZriJWmfNGfloH87lVuv0=

icss-replace-symbols@1.1.0, icss-replace-symbols@^1.1.0:
  version "1.1.0"
  resolved "https://registry.yarnpkg.com/icss-replace-symbols/-/icss-replace-symbols-1.1.0.tgz#06ea6f83679a7749e386cfe1fe812ae5db223ded"
  integrity sha1-Bupvg2ead0njhs/h/oEq5dsiPe0=

indexes-of@^1.0.1:
  version "1.0.1"
  resolved "https://registry.yarnpkg.com/indexes-of/-/indexes-of-1.0.1.tgz#f30f716c8e2bd346c7b67d3df3915566a7c05607"
  integrity sha1-8w9xbI4r00bHtn0985FVZqfAVgc=

jsesc@~0.5.0:
  version "0.5.0"
  resolved "https://registry.yarnpkg.com/jsesc/-/jsesc-0.5.0.tgz#e7dee66e35d6fc16f710fe91d5cf69f70f08911d"
  integrity sha1-597mbjXW/Bb3EP6R1c9p9w8IkR0=

json5@^0.5.0:
  version "0.5.1"
  resolved "https://registry.yarnpkg.com/json5/-/json5-0.5.1.tgz#1eade7acc012034ad84e2396767ead9fa5495821"
  integrity sha1-Hq3nrMASA0rYTiOWdn6tn6VJWCE=

lib@^3.0.2:
  version "3.0.2"
  resolved "https://registry.yarnpkg.com/lib/-/lib-3.0.2.tgz#dd1e4f5a182fcebfee89484ff10fdfdd1508674e"
  integrity sha1-3R5PWhgvzr/uiUhP8Q/f3RUIZ04=

loader-utils@^0.2.16:
  version "0.2.17"
  resolved "https://registry.yarnpkg.com/loader-utils/-/loader-utils-0.2.17.tgz#f86e6374d43205a6e6c60e9196f17c0299bfb348"
  integrity sha1-+G5jdNQyBabmxg6RlvF8Apm/s0g=
  dependencies:
    big.js "^3.1.3"
    emojis-list "^2.0.0"
    json5 "^0.5.0"
    object-assign "^4.0.1"

lodash.camelcase@^4.3.0:
  version "4.3.0"
  resolved "https://registry.yarnpkg.com/lodash.camelcase/-/lodash.camelcase-4.3.0.tgz#b28aa6288a2b9fc651035c7711f65ab6190331a6"
  integrity sha1-soqmKIorn8ZRA1x3EfZathkDMaY=

ms@^2.1.1:
  version "2.1.1"
  resolved "https://registry.yarnpkg.com/ms/-/ms-2.1.1.tgz#30a5864eb3ebb0a66f2ebe6d727af06a09d86e0a"
  integrity sha512-tgp+dl5cGk28utYktBsrFqA7HKgrhgPsg6Z/EfhWI4gl1Hwq8B/GmY/0oXZ6nF8hDVesS/FpnYaD/kOWhYQvyg==

object-assign@^4.0.1:
  version "4.1.1"
  resolved "https://registry.yarnpkg.com/object-assign/-/object-assign-4.1.1.tgz#2109adc7965887cfc05cbbd442cac8bfbb360863"
  integrity sha1-IQmtx5ZYh8/AXLvUQsrIv7s2CGM=

postcss-color-function@^4.0.1:
  version "4.0.1"
  resolved "https://registry.yarnpkg.com/postcss-color-function/-/postcss-color-function-4.0.1.tgz#402b3f2cebc3f6947e618fb6be3654fbecef6444"
  integrity sha1-QCs/LOvD9pR+YY+2vjZU++zvZEQ=
  dependencies:
    css-color-function "~1.3.3"
    postcss "^6.0.1"
    postcss-message-helpers "^2.0.0"
    postcss-value-parser "^3.3.0"

postcss-custom-properties@^8.0.9:
  version "8.0.9"
  resolved "https://registry.yarnpkg.com/postcss-custom-properties/-/postcss-custom-properties-8.0.9.tgz#8943870528a6eae4c8e8d285b6ccc9fd1f97e69c"
  integrity sha512-/Lbn5GP2JkKhgUO2elMs4NnbUJcvHX4AaF5nuJDaNkd2chYW1KA5qtOGGgdkBEWcXtKSQfHXzT7C6grEVyb13w==
  dependencies:
    postcss "^7.0.5"
    postcss-values-parser "^2.0.0"

postcss-message-helpers@^2.0.0:
  version "2.0.0"
  resolved "https://registry.yarnpkg.com/postcss-message-helpers/-/postcss-message-helpers-2.0.0.tgz#a4f2f4fab6e4fe002f0aed000478cdf52f9ba60e"
  integrity sha1-pPL0+rbk/gAvCu0ABHjN9S+bpg4=

postcss-modules-extract-imports@1.1.0:
  version "1.1.0"
  resolved "https://registry.yarnpkg.com/postcss-modules-extract-imports/-/postcss-modules-extract-imports-1.1.0.tgz#b614c9720be6816eaee35fb3a5faa1dba6a05ddb"
  integrity sha1-thTJcgvmgW6u41+zpfqh26agXds=
  dependencies:
    postcss "^6.0.1"

postcss-modules-local-by-default@1.2.0:
  version "1.2.0"
  resolved "https://registry.yarnpkg.com/postcss-modules-local-by-default/-/postcss-modules-local-by-default-1.2.0.tgz#f7d80c398c5a393fa7964466bd19500a7d61c069"
  integrity sha1-99gMOYxaOT+nlkRmvRlQCn1hwGk=
  dependencies:
    css-selector-tokenizer "^0.7.0"
    postcss "^6.0.1"

postcss-modules-scope@1.1.0:
  version "1.1.0"
  resolved "https://registry.yarnpkg.com/postcss-modules-scope/-/postcss-modules-scope-1.1.0.tgz#d6ea64994c79f97b62a72b426fbe6056a194bb90"
  integrity sha1-1upkmUx5+XtipytCb75gVqGUu5A=
  dependencies:
    css-selector-tokenizer "^0.7.0"
    postcss "^6.0.1"

postcss-modules-values@1.3.0:
  version "1.3.0"
  resolved "https://registry.yarnpkg.com/postcss-modules-values/-/postcss-modules-values-1.3.0.tgz#ecffa9d7e192518389f42ad0e83f72aec456ea20"
  integrity sha1-7P+p1+GSUYOJ9CrQ6D9yrsRW6iA=
  dependencies:
    icss-replace-symbols "^1.1.0"
    postcss "^6.0.1"

postcss-modules@^1.4.1:
  version "1.4.1"
  resolved "https://registry.yarnpkg.com/postcss-modules/-/postcss-modules-1.4.1.tgz#8aa35bd3461db67e27377a7ce770d77b654a84ef"
  integrity sha512-btTrbK+Xc3NBuYF8TPBjCMRSp5h6NoQ1iVZ6WiDQENIze6KIYCSf0+UFQuV3yJ7gRHA+4AAtF8i2jRvUpbBMMg==
  dependencies:
    css-modules-loader-core "^1.1.0"
    generic-names "^1.0.3"
    lodash.camelcase "^4.3.0"
    postcss "^7.0.1"
    string-hash "^1.1.1"

postcss-nesting@^7.0.0:
  version "7.0.0"
  resolved "https://registry.yarnpkg.com/postcss-nesting/-/postcss-nesting-7.0.0.tgz#6e26a770a0c8fcba33782a6b6f350845e1a448f6"
  integrity sha512-WSsbVd5Ampi3Y0nk/SKr5+K34n52PqMqEfswu6RtU4r7wA8vSD+gM8/D9qq4aJkHImwn1+9iEFTbjoWsQeqtaQ==
  dependencies:
    postcss "^7.0.2"

postcss-value-parser@^3.3.0:
  version "3.3.1"
  resolved "https://registry.yarnpkg.com/postcss-value-parser/-/postcss-value-parser-3.3.1.tgz#9ff822547e2893213cf1c30efa51ac5fd1ba8281"
  integrity sha512-pISE66AbVkp4fDQ7VHBwRNXzAAKJjw4Vw7nWI/+Q3vuly7SNfgYXvm6i5IgFylHGK5sP/xHAbB7N49OS4gWNyQ==

postcss-values-parser@^2.0.0:
  version "2.0.0"
  resolved "https://registry.yarnpkg.com/postcss-values-parser/-/postcss-values-parser-2.0.0.tgz#1ba42cae31367c44f96721cb5eb99462bfb39705"
  integrity sha512-cyRdkgbRRefu91ByAlJow4y9w/hnBmmWgLpWmlFQ2bpIy2eKrqowt3VeYcaHQ08otVXmC9V2JtYW1Z/RpvYR8A==
  dependencies:
    flatten "^1.0.2"
    indexes-of "^1.0.1"
    uniq "^1.0.1"

postcss@6.0.1:
  version "6.0.1"
  resolved "https://registry.yarnpkg.com/postcss/-/postcss-6.0.1.tgz#000dbd1f8eef217aa368b9a212c5fc40b2a8f3f2"
  integrity sha1-AA29H47vIXqjaLmiEsX8QLKo8/I=
  dependencies:
    chalk "^1.1.3"
    source-map "^0.5.6"
    supports-color "^3.2.3"

postcss@^6.0.1:
  version "6.0.23"
  resolved "https://registry.yarnpkg.com/postcss/-/postcss-6.0.23.tgz#61c82cc328ac60e677645f979054eb98bc0e3324"
  integrity sha512-soOk1h6J3VMTZtVeVpv15/Hpdl2cBLX3CAw4TAbkpTJiNPk9YP/zWcD1ND+xEtvyuuvKzbxliTOIyvkSeSJ6ag==
  dependencies:
    chalk "^2.4.1"
    source-map "^0.6.1"
    supports-color "^5.4.0"

postcss@^7.0.1, postcss@^7.0.2:
  version "7.0.7"
  resolved "https://registry.yarnpkg.com/postcss/-/postcss-7.0.7.tgz#2754d073f77acb4ef08f1235c36c5721a7201614"
  integrity sha512-HThWSJEPkupqew2fnuQMEI2YcTj/8gMV3n80cMdJsKxfIh5tHf7nM5JigNX6LxVMqo6zkgQNAI88hyFvBk41Pg==
  dependencies:
    chalk "^2.4.1"
    source-map "^0.6.1"
    supports-color "^5.5.0"

postcss@^7.0.5:
  version "7.0.8"
  resolved "https://registry.yarnpkg.com/postcss/-/postcss-7.0.8.tgz#2a3c5f2bdd00240cd0d0901fd998347c93d36696"
  integrity sha512-WudsIzuTKRw9IInRTPBgVXJ7DKR26HT09Rxp0g3w0Fqh3TUtYICcUmvC0xURj04o3vdcDtnjCAUCECg/p341iQ==
  dependencies:
    chalk "^2.4.2"
    source-map "^0.6.1"
    supports-color "^6.0.0"

regenerate@^1.2.1:
  version "1.4.0"
  resolved "https://registry.yarnpkg.com/regenerate/-/regenerate-1.4.0.tgz#4a856ec4b56e4077c557589cae85e7a4c8869a11"
  integrity sha512-1G6jJVDWrt0rK99kBjvEtziZNCICAuvIPkSiUFIQxVP06RCVpq3dmDo2oi6ABpYaDYaTRr67BEhL8r1wgEZZKg==

regexpu-core@^1.0.0:
  version "1.0.0"
  resolved "https://registry.yarnpkg.com/regexpu-core/-/regexpu-core-1.0.0.tgz#86a763f58ee4d7c2f6b102e4764050de7ed90c6b"
  integrity sha1-hqdj9Y7k18L2sQLkdkBQ3n7ZDGs=
  dependencies:
    regenerate "^1.2.1"
    regjsgen "^0.2.0"
    regjsparser "^0.1.4"

regjsgen@^0.2.0:
  version "0.2.0"
  resolved "https://registry.yarnpkg.com/regjsgen/-/regjsgen-0.2.0.tgz#6c016adeac554f75823fe37ac05b92d5a4edb1f7"
  integrity sha1-bAFq3qxVT3WCP+N6wFuS1aTtsfc=

regjsparser@^0.1.4:
  version "0.1.5"
  resolved "https://registry.yarnpkg.com/regjsparser/-/regjsparser-0.1.5.tgz#7ee8f84dc6fa792d3fd0ae228d24bd949ead205c"
  integrity sha1-fuj4Tcb6eS0/0K4ijSS9lJ6tIFw=
  dependencies:
    jsesc "~0.5.0"

reset-css@^4.0.1:
  version "4.0.1"
  resolved "https://registry.yarnpkg.com/reset-css/-/reset-css-4.0.1.tgz#1f8456a8be478bc435ce9775b7878ec82cca6b05"
  integrity sha512-aQFi5IxXVegVTfz0hOmXsPSmc8tlPDQOkfatHfPu3Cm6id7UXM4OzXfsaUWJEgV2yrCngsagpIb3wHXPjKAx+Q==

rgb@~0.1.0:
  version "0.1.0"
  resolved "https://registry.yarnpkg.com/rgb/-/rgb-0.1.0.tgz#be27b291e8feffeac1bd99729721bfa40fc037b5"
  integrity sha1-vieykej+/+rBvZlylyG/pA/AN7U=

riot-observable@^3.0.0:
  version "3.0.0"
  resolved "https://registry.yarnpkg.com/riot-observable/-/riot-observable-3.0.0.tgz#8bbd2daf72a2141bb043082df4023dc504bad2eb"
  integrity sha1-i70tr3KiFBuwQwgt9AI9xQS60us=

scroll-parallax@^2.1.0:
  version "2.1.0"
  resolved "https://registry.yarnpkg.com/scroll-parallax/-/scroll-parallax-2.1.0.tgz#3514502d765f29f8aead688bedbe8fb629c5738b"
  integrity sha512-Q1gNLSADYhyTquj5TfFbLqHQijdGrTD1GmrxSTIPVMb7dT7jCuN46sltq0GJPy46s9FJuTF3YWfg5LY92Wjrxw==
  dependencies:
    riot-observable "^3.0.0"

source-map@^0.5.6:
  version "0.5.7"
  resolved "https://registry.yarnpkg.com/source-map/-/source-map-0.5.7.tgz#8a039d2d1021d22d1ea14c80d8ea468ba2ef3fcc"
  integrity sha1-igOdLRAh0i0eoUyA2OpGi6LvP8w=

source-map@^0.6.1:
  version "0.6.1"
  resolved "https://registry.yarnpkg.com/source-map/-/source-map-0.6.1.tgz#74722af32e9614e9c287a8d0bbde48b5e2f1a263"
  integrity sha512-UjgapumWlbMhkBgzT7Ykc5YXUT46F0iKu8SGXq0bcwP5dz/h0Plj6enJqjz1Zbq2l5WaqYnrVbwWOWMyF3F47g==

string-hash@^1.1.1:
  version "1.1.3"
  resolved "https://registry.yarnpkg.com/string-hash/-/string-hash-1.1.3.tgz#e8aafc0ac1855b4666929ed7dd1275df5d6c811b"
  integrity sha1-6Kr8CsGFW0Zmkp7X3RJ1311sgRs=

strip-ansi@^3.0.0:
  version "3.0.1"
  resolved "https://registry.yarnpkg.com/strip-ansi/-/strip-ansi-3.0.1.tgz#6a385fb8853d952d5ff05d0e8aaf94278dc63dcf"
  integrity sha1-ajhfuIU9lS1f8F0Oiq+UJ43GPc8=
  dependencies:
    ansi-regex "^2.0.0"

supports-color@^2.0.0:
  version "2.0.0"
  resolved "https://registry.yarnpkg.com/supports-color/-/supports-color-2.0.0.tgz#535d045ce6b6363fa40117084629995e9df324c7"
  integrity sha1-U10EXOa2Nj+kARcIRimZXp3zJMc=

supports-color@^3.2.3:
  version "3.2.3"
  resolved "https://registry.yarnpkg.com/supports-color/-/supports-color-3.2.3.tgz#65ac0504b3954171d8a64946b2ae3cbb8a5f54f6"
  integrity sha1-ZawFBLOVQXHYpklGsq48u4pfVPY=
  dependencies:
    has-flag "^1.0.0"

supports-color@^5.3.0, supports-color@^5.4.0, supports-color@^5.5.0:
  version "5.5.0"
  resolved "https://registry.yarnpkg.com/supports-color/-/supports-color-5.5.0.tgz#e2e69a44ac8772f78a1ec0b35b689df6530efc8f"
  integrity sha512-QjVjwdXIt408MIiAqCX4oUKsgU2EqAGzs2Ppkm4aQYbjm+ZEWEcW4SfFNTr4uMNZma0ey4f5lgLrkB0aX0QMow==
  dependencies:
    has-flag "^3.0.0"

supports-color@^6.0.0:
  version "6.0.0"
  resolved "https://registry.yarnpkg.com/supports-color/-/supports-color-6.0.0.tgz#76cfe742cf1f41bb9b1c29ad03068c05b4c0e40a"
  integrity sha512-on9Kwidc1IUQo+bQdhi8+Tijpo0e1SS6RoGo2guUwn5vdaxw8RXOF9Vb2ws+ihWOmh4JnCJOvaziZWP1VABaLg==
  dependencies:
    has-flag "^3.0.0"

uniq@^1.0.1:
  version "1.0.1"
  resolved "https://registry.yarnpkg.com/uniq/-/uniq-1.0.1.tgz#b31c5ae8254844a3a8281541ce2b04b865a734ff"
  integrity sha1-sxxa6CVIRKOoKBVBzisEuGWnNP8=
